
Microsoft Visual Studio Solution File, Format Version 12.00
# Visual Studio Version 17
VisualStudioVersion = 17.13.35825.156 d17.13
MinimumVisualStudioVersion = 10.0.40219.1
Project("{D2ABAB84-BF74-430A-B69E-9DC6D40DDA17}") = "proyectobd2", "proyectobd2\proyectobd2.dwproj", "{DA7F06C5-D72C-2398-EFDE-DEC277D60EEC}"
EndProject
Global
	GlobalSection(SolutionConfigurationPlatforms) = preSolution
		Development|Default = Development|Default
	EndGlobalSection
	GlobalSection(ProjectConfigurationPlatforms) = postSolution
		{DA7F06C5-D72C-2398-EFDE-DEC277D60EEC}.Development|Default.ActiveCfg = Development
		{DA7F06C5-D72C-2398-EFDE-DEC277D60EEC}.Development|Default.Build.0 = Development
		{DA7F06C5-D72C-2398-EFDE-DEC277D60EEC}.Development|Default.Deploy.0 = Development
	EndGlobalSection
	GlobalSection(SolutionProperties) = preSolution
		HideSolutionNode = FALSE
	EndGlobalSection
	GlobalSection(ExtensibilityGlobals) = postSolution
		SolutionGuid = {467E3346-1241-4390-B198-9E49EE304EE3}
	EndGlobalSection
EndGlobal
